[[package]]
name = "aiohttp"
version = "3.8.2"
description = "Async http client/server framework (asyncio)"
category = "main"
optional = false
python-versions = ">=3.6"

[package.dependencies]
aiosignal = ">=1.1.2"
async-timeout = ">=4.0.0a3,<5.0"
attrs = ">=17.3.0"
charset-normalizer = ">=2.0,<3.0"
frozenlist = ">=1.1.1"
multidict = ">=4.5,<6.0"
yarl = ">=1.0,<2.0"

[package.extras]
speedups = ["aiodns", "brotli", "cchardet"]

[[package]]
name = "aiosignal"
version = "1.2.0"
description = "aiosignal: a list of registered asynchronous callbacks"
category = "main"
optional = false
python-versions = ">=3.6"

[package.dependencies]
frozenlist = ">=1.1.0"

[[package]]
name = "async-timeout"
version = "4.0.2"
description = "Timeout context manager for asyncio programs"
category = "main"
optional = false
python-versions = ">=3.6"

[[package]]
name = "attrs"
version = "22.1.0"
description = "Classes Without Boilerplate"
category = "main"
optional = false
python-versions = ">=3.5"

[package.extras]
dev = ["coverage[toml] (>=5.0.2)", "hypothesis", "pympler", "pytest (>=4.3.0)", "mypy (>=0.900,!=0.940)", "pytest-mypy-plugins", "zope.interface", "furo", "sphinx", "sphinx-notfound-page", "pre-commit", "cloudpickle"]
docs = ["furo", "sphinx", "zope.interface", "sphinx-notfound-page"]
tests = ["coverage[toml] (>=5.0.2)", "hypothesis", "pympler", "pytest (>=4.3.0)", "mypy (>=0.900,!=0.940)", "pytest-mypy-plugins", "zope.interface", "cloudpickle"]
tests_no_zope = ["coverage[toml] (>=5.0.2)", "hypothesis", "pympler", "pytest (>=4.3.0)", "mypy (>=0.900,!=0.940)", "pytest-mypy-plugins", "cloudpickle"]

[[package]]
name = "certifi"
version = "2022.9.14"
description = "Python package for providing Mozilla's CA Bundle."
category = "main"
optional = false
python-versions = ">=3.6"

[[package]]
name = "charset-normalizer"
version = "2.1.1"
description = "The Real First Universal Charset Detector. Open, modern and actively maintained alternative to Chardet."
category = "main"
optional = false
python-versions = ">=3.6.0"

[package.extras]
unicode_backport = ["unicodedata2"]

[[package]]
name = "colorama"
version = "0.4.5"
description = "Cross-platform colored terminal text."
category = "main"
optional = false
python-versions = ">=2.7, !=3.0.*, !=3.1.*, !=3.2.*, !=3.3.*, !=3.4.*"

[[package]]
name = "datasets"
version = "2.4.0"
description = "HuggingFace community-driven open-source library of datasets"
category = "main"
optional = false
python-versions = "*"

[package.dependencies]
aiohttp = "*"
dill = "<0.3.6"
fsspec = {version = ">=2021.11.1", extras = ["http"]}
huggingface-hub = ">=0.1.0,<1.0.0"
multiprocess = "*"
numpy = ">=1.17"
packaging = "*"
pandas = "*"
pyarrow = ">=6.0.0"
requests = ">=2.19.0"
responses = "<0.19"
tqdm = ">=4.62.1"
xxhash = "*"

[package.extras]
dev = ["conllu", "absl-py", "pytest", "pytest-datadir", "pytest-xdist", "apache-beam (>=2.26.0)", "elasticsearch (<8.0.0)", "aiobotocore (>=2.0.1)", "boto3 (>=1.19.8)", "botocore (>=1.22.8)", "faiss-cpu (>=1.6.4)", "fsspec", "moto[server,s3] (==2.0.4)", "rarfile (>=4.0)", "s3fs (>=2021.11.1)", "tensorflow (>=2.3,!=2.6.0,!=2.6.1)", "torch", "torchaudio", "soundfile", "transformers", "bs4", "h5py", "langdetect", "lxml", "lz4", "mwparserfromhell", "nltk", "openpyxl", "py7zr", "tldextract", "zstandard", "sentencepiece", "sacremoses", "bert-score (>=0.3.6)", "jiwer", "mauve-text", "rouge-score (<0.0.7)", "sacrebleu", "scikit-learn", "scipy", "seqeval", "toml (>=0.10.1)", "requests-file (>=1.5.1)", "tldextract (>=3.1.0)", "texttable (>=1.6.3)", "Werkzeug (>=1.0.1)", "six (>=1.15.0,<1.16.0)", "Pillow (>=6.2.1)", "librosa", "black (>=22.0,<23.0)", "flake8 (>=3.8.3)", "isort (>=5.0.0)", "pyyaml (>=5.3.1)", "importlib-resources"]
apache-beam = ["apache-beam (>=2.26.0)"]
audio = ["librosa"]
benchmarks = ["numpy (==1.18.5)", "tensorflow (==2.3.0)", "torch (==1.6.0)", "transformers (==3.0.2)"]
docs = ["s3fs"]
quality = ["black (>=22.0,<23.0)", "flake8 (>=3.8.3)", "isort (>=5.0.0)", "pyyaml (>=5.3.1)"]
s3 = ["fsspec", "boto3", "botocore", "s3fs"]
tensorflow = ["tensorflow (>=2.2.0,!=2.6.0,!=2.6.1)"]
tensorflow_gpu = ["tensorflow-gpu (>=2.2.0,!=2.6.0,!=2.6.1)"]
tests = ["absl-py", "pytest", "pytest-datadir", "pytest-xdist", "apache-beam (>=2.26.0)", "elasticsearch (<8.0.0)", "aiobotocore (>=2.0.1)", "boto3 (>=1.19.8)", "botocore (>=1.22.8)", "faiss-cpu (>=1.6.4)", "fsspec", "moto[server,s3] (==2.0.4)", "rarfile (>=4.0)", "s3fs (>=2021.11.1)", "tensorflow (>=2.3,!=2.6.0,!=2.6.1)", "torch", "torchaudio", "soundfile", "transformers", "bs4", "conllu", "h5py", "langdetect", "lxml", "lz4", "mwparserfromhell", "nltk", "openpyxl", "py7zr", "tldextract", "zstandard", "sentencepiece", "sacremoses", "bert-score (>=0.3.6)", "jiwer", "mauve-text", "rouge-score (<0.0.7)", "sacrebleu", "scikit-learn", "scipy", "seqeval", "toml (>=0.10.1)", "requests-file (>=1.5.1)", "tldextract (>=3.1.0)", "texttable (>=1.6.3)", "Werkzeug (>=1.0.1)", "six (>=1.15.0,<1.16.0)", "Pillow (>=6.2.1)", "librosa", "importlib-resources"]
torch = ["torch"]
vision = ["Pillow (>=6.2.1)"]

[[package]]
name = "dill"
version = "0.3.5.1"
description = "serialize all of python"
category = "main"
optional = false
python-versions = ">=2.7, !=3.0.*, !=3.1.*, !=3.2.*, !=3.3.*, !=3.4.*, !=3.5.*, !=3.6.*"

[package.extras]
graph = ["objgraph (>=1.7.2)"]

[[package]]
name = "evaluate"
version = "0.2.2"
description = "HuggingFace community-driven open-source library of evaluation"
category = "main"
optional = false
python-versions = ">=3.7.0"

[package.dependencies]
datasets = ">=2.0.0"
dill = "*"
fsspec = {version = ">=2021.05.0", extras = ["http"]}
huggingface-hub = ">=0.7.0"
multiprocess = "*"
numpy = ">=1.17"
packaging = "*"
pandas = "*"
requests = ">=2.19.0"
responses = "<0.19"
tqdm = ">=4.62.1"
xxhash = "*"

[package.extras]
torch = ["torch"]
tests = ["six (>=1.15.0,<1.16.0)", "Werkzeug (>=1.0.1)", "texttable (>=1.6.3)", "tldextract (>=3.1.0)", "requests-file (>=1.5.1)", "toml (>=0.10.1)", "trectools", "mauve-text", "transformers", "sentencepiece", "jiwer", "scikit-learn", "seqeval", "scipy", "sacremoses", "sacrebleu", "rouge-score (<0.0.7)", "bert-score (>=0.3.6)", "torch", "tensorflow (>=2.3,!=2.6.0,!=2.6.1)", "pytest-xdist", "pytest-datadir", "pytest", "absl-py"]
tensorflow_gpu = ["tensorflow-gpu (>=2.2.0,!=2.6.0,!=2.6.1)"]
tensorflow = ["tensorflow (>=2.2.0,!=2.6.0,!=2.6.1)"]
template = ["cookiecuttergradio (>=3.0.0)"]
quality = ["pyyaml (>=5.3.1)", "isort (>=5.0.0)", "flake8 (>=3.8.3)", "black (>=22.0,<23.0)"]
evaluator = ["scipy (>=1.7.1)", "transformers"]
docs = ["s3fs"]
dev = ["pyyaml (>=5.3.1)", "isort (>=5.0.0)", "flake8 (>=3.8.3)", "black (>=22.0,<23.0)", "six (>=1.15.0,<1.16.0)", "Werkzeug (>=1.0.1)", "texttable (>=1.6.3)", "tldextract (>=3.1.0)", "requests-file (>=1.5.1)", "toml (>=0.10.1)", "trectools", "mauve-text", "transformers", "sentencepiece", "jiwer", "scikit-learn", "seqeval", "scipy", "sacremoses", "sacrebleu", "rouge-score (<0.0.7)", "bert-score (>=0.3.6)", "torch", "tensorflow (>=2.3,!=2.6.0,!=2.6.1)", "pytest-xdist", "pytest-datadir", "pytest", "absl-py"]

[[package]]
name = "filelock"
version = "3.8.0"
description = "A platform independent file lock."
category = "main"
optional = false
python-versions = ">=3.7"

[package.extras]
docs = ["furo (>=2022.6.21)", "sphinx (>=5.1.1)", "sphinx-autodoc-typehints (>=1.19.1)"]
testing = ["covdefaults (>=2.2)", "coverage (>=6.4.2)", "pytest (>=7.1.2)", "pytest-cov (>=3)", "pytest-timeout (>=2.1)"]

[[package]]
name = "frozenlist"
version = "1.3.1"
description = "A list-like structure which implements collections.abc.MutableSequence"
category = "main"
optional = false
python-versions = ">=3.7"

[[package]]
name = "fsspec"
version = "2022.8.2"
description = "File-system specification"
category = "main"
optional = false
python-versions = ">=3.7"

[package.dependencies]
aiohttp = {version = "<4.0.0a0 || >4.0.0a0,<4.0.0a1 || >4.0.0a1", optional = true, markers = "extra == \"http\""}
requests = {version = "*", optional = true, markers = "extra == \"http\""}

[package.extras]
abfs = ["adlfs"]
adl = ["adlfs"]
arrow = ["pyarrow (>=1)"]
dask = ["dask", "distributed"]
dropbox = ["dropboxdrivefs", "requests", "dropbox"]
entrypoints = ["importlib-metadata"]
fuse = ["fusepy"]
gcs = ["gcsfs"]
git = ["pygit2"]
github = ["requests"]
gs = ["gcsfs"]
gui = ["panel"]
hdfs = ["pyarrow (>=1)"]
http = ["requests", "aiohttp (!=4.0.0a0,!=4.0.0a1)"]
libarchive = ["libarchive-c"]
oci = ["ocifs"]
s3 = ["s3fs"]
sftp = ["paramiko"]
smb = ["smbprotocol"]
ssh = ["paramiko"]
tqdm = ["tqdm"]

[[package]]
name = "huggingface-hub"
version = "0.9.1"
description = "Client library to download and publish models, datasets and other repos on the huggingface.co hub"
category = "main"
optional = false
python-versions = ">=3.7.0"

[package.dependencies]
filelock = "*"
packaging = ">=20.9"
pyyaml = ">=5.1"
requests = "*"
tqdm = "*"
typing-extensions = ">=3.7.4.3"

[package.extras]
torch = ["torch"]
testing = ["soundfile", "datasets", "pytest-cov", "pytest"]
tensorflow = ["graphviz", "pydot", "tensorflow"]
quality = ["flake8-bugbear", "flake8 (>=3.8.3)", "isort (>=5.5.4)", "black (==22.3)"]
fastai = ["fastcore (>=1.3.27)", "fastai (>=2.4)", "toml"]
dev = ["flake8-bugbear", "flake8 (>=3.8.3)", "isort (>=5.5.4)", "black (==22.3)", "soundfile", "datasets", "pytest-cov", "pytest"]
all = ["flake8-bugbear", "flake8 (>=3.8.3)", "isort (>=5.5.4)", "black (==22.3)", "soundfile", "datasets", "pytest-cov", "pytest"]

[[package]]
name = "idna"
version = "3.4"
description = "Internationalized Domain Names in Applications (IDNA)"
category = "main"
optional = false
python-versions = ">=3.5"

[[package]]
name = "multidict"
version = "5.2.0"
description = "multidict implementation"
category = "main"
optional = false
python-versions = ">=3.6"

[[package]]
name = "multiprocess"
version = "0.70.13"
description = "better multiprocessing and multithreading in python"
category = "main"
optional = false
python-versions = ">=2.7, !=3.0.*, !=3.1.*, !=3.2.*, !=3.3.*, !=3.4.*, !=3.5.*, !=3.6.*"

[package.dependencies]
dill = ">=0.3.5.1"

[[package]]
name = "numpy"
version = "1.23.3"
description = "NumPy is the fundamental package for array computing with Python."
category = "main"
optional = false
python-versions = ">=3.8"

[[package]]
name = "packaging"
version = "21.3"
description = "Core utilities for Python packages"
category = "main"
optional = false
python-versions = ">=3.6"

[package.dependencies]
pyparsing = ">=2.0.2,<3.0.5 || >3.0.5"

[[package]]
name = "pandas"
version = "1.5.0"
description = "Powerful data structures for data analysis, time series, and statistics"
category = "main"
optional = false
python-versions = ">=3.8"

[package.dependencies]
numpy = {version = ">=1.21.0", markers = "python_version >= \"3.10\""}
python-dateutil = ">=2.8.1"
pytz = ">=2020.1"

[package.extras]
test = ["pytest-xdist (>=1.31)", "pytest (>=6.0)", "hypothesis (>=5.5.3)"]

[[package]]
name = "pillow"
version = "9.2.0"
description = "Python Imaging Library (Fork)"
category = "main"
optional = false
python-versions = ">=3.7"

[package.extras]
docs = ["furo", "olefile", "sphinx (>=2.4)", "sphinx-copybutton", "sphinx-issues (>=3.0.1)", "sphinx-removed-in", "sphinxext-opengraph"]
tests = ["check-manifest", "coverage", "defusedxml", "markdown2", "olefile", "packaging", "pyroma", "pytest", "pytest-cov", "pytest-timeout"]

[[package]]
name = "protobuf"
version = "3.20.0"
description = "Protocol Buffers"
category = "main"
optional = false
python-versions = ">=3.7"

[[package]]
name = "pyarrow"
version = "9.0.0"
description = "Python library for Apache Arrow"
category = "main"
optional = false
python-versions = ">=3.7"

[package.dependencies]
numpy = ">=1.16.6"

[[package]]
name = "pyparsing"
version = "3.0.9"
description = "pyparsing module - Classes and methods to define and execute parsing grammars"
category = "main"
optional = false
python-versions = ">=3.6.8"

[package.extras]
diagrams = ["railroad-diagrams", "jinja2"]

[[package]]
name = "python-dateutil"
version = "2.8.2"
description = "Extensions to the standard Python datetime module"
category = "main"
optional = false
python-versions = "!=3.0.*,!=3.1.*,!=3.2.*,>=2.7"

[package.dependencies]
six = ">=1.5"

[[package]]
name = "pytz"
version = "2022.2.1"
description = "World timezone definitions, modern and historical"
category = "main"
optional = false
python-versions = "*"

[[package]]
name = "pyyaml"
version = "6.0"
description = "YAML parser and emitter for Python"
category = "main"
optional = false
python-versions = ">=3.6"

[[package]]
name = "regex"
version = "2022.9.13"
description = "Alternative regular expression module, to replace re."
category = "main"
optional = false
python-versions = ">=3.6"

[[package]]
name = "requests"
version = "2.28.1"
description = "Python HTTP for Humans."
category = "main"
optional = false
python-versions = ">=3.7, <4"

[package.dependencies]
certifi = ">=2017.4.17"
charset-normalizer = ">=2,<3"
idna = ">=2.5,<4"
urllib3 = ">=1.21.1,<1.27"

[package.extras]
socks = ["PySocks (>=1.5.6,!=1.5.7)"]
use_chardet_on_py3 = ["chardet (>=3.0.2,<6)"]

[[package]]
name = "responses"
version = "0.18.0"
description = "A utility library for mocking out the `requests` Python library."
category = "main"
optional = false
python-versions = ">=3.7"

[package.dependencies]
requests = ">=2.0,<3.0"
urllib3 = ">=1.25.10"

[package.extras]
tests = ["pytest (>=4.6)", "coverage (>=6.0.0)", "pytest-cov", "pytest-localserver", "flake8", "types-mock", "types-requests", "mypy"]

[[package]]
name = "sentencepiece"
version = "0.1.97"
description = "SentencePiece python wrapper"
category = "main"
optional = false
python-versions = "*"

[[package]]
name = "six"
version = "1.16.0"
description = "Python 2 and 3 compatibility utilities"
category = "main"
optional = false
python-versions = ">=2.7, !=3.0.*, !=3.1.*, !=3.2.*"

[[package]]
name = "tokenizers"
version = "0.12.1"
description = "Fast and Customizable Tokenizers"
category = "main"
optional = false
python-versions = "*"

[package.extras]
docs = ["sphinx", "sphinx-rtd-theme", "setuptools-rust"]
testing = ["pytest", "requests", "numpy", "datasets"]

[[package]]
name = "torch"
version = "1.12.1"
description = "Tensors and Dynamic neural networks in Python with strong GPU acceleration"
category = "main"
optional = false
python-versions = ">=3.7.0"

[package.dependencies]
typing-extensions = "*"

[[package]]
name = "torchaudio"
version = "0.12.1"
description = "An audio package for PyTorch"
category = "main"
optional = false
python-versions = "*"

[package.dependencies]
torch = "1.12.1"

[[package]]
name = "torchvision"
version = "0.13.1"
description = "image and video datasets and models for torch deep learning"
category = "main"
optional = false
python-versions = ">=3.7"

[package.dependencies]
numpy = "*"
pillow = ">=5.3.0,<8.3.0 || >=8.4.0"
requests = "*"
torch = "1.12.1"
typing-extensions = "*"

[package.extras]
scipy = ["scipy"]

[[package]]
name = "tqdm"
version = "4.64.1"
description = "Fast, Extensible Progress Meter"
category = "main"
optional = false
python-versions = "!=3.0.*,!=3.1.*,!=3.2.*,!=3.3.*,>=2.7"

[package.dependencies]
colorama = {version = "*", markers = "platform_system == \"Windows\""}

[package.extras]
dev = ["py-make (>=0.1.0)", "twine", "wheel"]
notebook = ["ipywidgets (>=6)"]
slack = ["slack-sdk"]
telegram = ["requests"]

[[package]]
name = "transformers"
version = "4.22.1"
description = "State-of-the-art Machine Learning for JAX, PyTorch and TensorFlow"
category = "main"
optional = false
python-versions = ">=3.7.0"

[package.dependencies]
filelock = "*"
huggingface-hub = ">=0.9.0,<1.0"
numpy = ">=1.17"
packaging = ">=20.0"
pyyaml = ">=5.1"
regex = "!=2019.12.17"
requests = "*"
tokenizers = ">=0.11.1,<0.11.3 || >0.11.3,<0.13"
tqdm = ">=4.27"

[package.extras]
accelerate = ["accelerate (>=0.10.0)"]
all = ["tensorflow (>=2.3)", "onnxconverter-common", "tf2onnx", "tensorflow-text", "torch (>=1.0)", "jax (>=0.2.8,!=0.3.2,<=0.3.6)", "jaxlib (>=0.1.65,<=0.3.6)", "flax (>=0.4.1)", "optax (>=0.0.8)", "sentencepiece (>=0.1.91,!=0.1.92)", "protobuf (<=3.20.1)", "tokenizers (>=0.11.1,!=0.11.3,<0.13)", "torchaudio", "librosa", "pyctcdecode (>=0.3.0)", "phonemizer", "pillow", "optuna", "ray", "sigopt", "timm", "codecarbon (==1.2.0)", "accelerate (>=0.10.0)"]
audio = ["librosa", "pyctcdecode (>=0.3.0)", "phonemizer"]
codecarbon = ["codecarbon (==1.2.0)"]
deepspeed = ["deepspeed (>=0.6.5)", "accelerate (>=0.10.0)"]
deepspeed-testing = ["deepspeed (>=0.6.5)", "accelerate (>=0.10.0)", "pytest", "pytest-xdist", "timeout-decorator", "parameterized", "psutil", "datasets", "dill (<0.3.5)", "evaluate (>=0.2.0)", "pytest-timeout", "black (==22.3)", "sacrebleu (>=1.4.12,<2.0.0)", "rouge-score (!=0.0.7,!=0.0.8,!=0.1,!=0.1.1)", "nltk", "GitPython (<3.1.19)", "hf-doc-builder (>=0.3.0)", "protobuf (<=3.20.1)", "sacremoses", "rjieba", "faiss-cpu", "cookiecutter (==1.7.3)", "optuna"]
dev = ["tensorflow (>=2.3)", "onnxconverter-common", "tf2onnx", "tensorflow-text", "torch (>=1.0)", "jax (>=0.2.8,!=0.3.2,<=0.3.6)", "jaxlib (>=0.1.65,<=0.3.6)", "flax (>=0.4.1)", "optax (>=0.0.8)", "sentencepiece (>=0.1.91,!=0.1.92)", "protobuf (<=3.20.1)", "tokenizers (>=0.11.1,!=0.11.3,<0.13)", "torchaudio", "librosa", "pyctcdecode (>=0.3.0)", "phonemizer", "pillow", "optuna", "ray", "sigopt", "timm", "codecarbon (==1.2.0)", "accelerate (>=0.10.0)", "pytest", "pytest-xdist", "timeout-decorator", "parameterized", "psutil", "datasets", "dill (<0.3.5)", "evaluate (>=0.2.0)", "pytest-timeout", "black (==22.3)", "sacrebleu (>=1.4.12,<2.0.0)", "rouge-score (!=0.0.7,!=0.0.8,!=0.1,!=0.1.1)", "nltk", "GitPython (<3.1.19)", "hf-doc-builder (>=0.3.0)", "sacremoses", "rjieba", "faiss-cpu", "cookiecutter (==1.7.3)", "isort (>=5.5.4)", "flake8 (>=3.8.3)", "fugashi (>=1.0)", "ipadic (>=1.0.0,<2.0)", "unidic-lite (>=1.0.7)", "unidic (>=1.0.2)", "hf-doc-builder", "scikit-learn"]
dev-tensorflow = ["pytest", "pytest-xdist", "timeout-decorator", "parameterized", "psutil", "datasets", "dill (<0.3.5)", "evaluate (>=0.2.0)", "pytest-timeout", "black (==22.3)", "sacrebleu (>=1.4.12,<2.0.0)", "rouge-score (!=0.0.7,!=0.0.8,!=0.1,!=0.1.1)", "nltk", "GitPython (<3.1.19)", "hf-doc-builder (>=0.3.0)", "protobuf (<=3.20.1)", "sacremoses", "rjieba", "faiss-cpu", "cookiecutter (==1.7.3)", "tensorflow (>=2.3)", "onnxconverter-common", "tf2onnx", "tensorflow-text", "sentencepiece (>=0.1.91,!=0.1.92)", "tokenizers (>=0.11.1,!=0.11.3,<0.13)", "pillow", "isort (>=5.5.4)", "flake8 (>=3.8.3)", "hf-doc-builder", "scikit-learn", "onnxruntime (>=1.4.0)", "onnxruntime-tools (>=1.4.2)", "librosa", "pyctcdecode (>=0.3.0)", "phonemizer"]
dev-torch = ["pytest", "pytest-xdist", "timeout-decorator", "parameterized", "psutil", "datasets", "dill (<0.3.5)", "evaluate (>=0.2.0)", "pytest-timeout", "black (==22.3)", "sacrebleu (>=1.4.12,<2.0.0)", "rouge-score (!=0.0.7,!=0.0.8,!=0.1,!=0.1.1)", "nltk", "GitPython (<3.1.19)", "hf-doc-builder (>=0.3.0)", "protobuf (<=3.20.1)", "sacremoses", "rjieba", "faiss-cpu", "cookiecutter (==1.7.3)", "torch (>=1.0)", "sentencepiece (>=0.1.91,!=0.1.92)", "tokenizers (>=0.11.1,!=0.11.3,<0.13)", "torchaudio", "librosa", "pyctcdecode (>=0.3.0)", "phonemizer", "pillow", "optuna", "ray", "sigopt", "timm", "codecarbon (==1.2.0)", "isort (>=5.5.4)", "flake8 (>=3.8.3)", "fugashi (>=1.0)", "ipadic (>=1.0.0,<2.0)", "unidic-lite (>=1.0.7)", "unidic (>=1.0.2)", "hf-doc-builder", "scikit-learn", "onnxruntime (>=1.4.0)", "onnxruntime-tools (>=1.4.2)"]
docs = ["tensorflow (>=2.3)", "onnxconverter-common", "tf2onnx", "tensorflow-text", "torch (>=1.0)", "jax (>=0.2.8,!=0.3.2,<=0.3.6)", "jaxlib (>=0.1.65,<=0.3.6)", "flax (>=0.4.1)", "optax (>=0.0.8)", "sentencepiece (>=0.1.91,!=0.1.92)", "protobuf (<=3.20.1)", "tokenizers (>=0.11.1,!=0.11.3,<0.13)", "torchaudio", "librosa", "pyctcdecode (>=0.3.0)", "phonemizer", "pillow", "optuna", "ray", "sigopt", "timm", "codecarbon (==1.2.0)", "accelerate (>=0.10.0)", "hf-doc-builder"]
docs_specific = ["hf-doc-builder"]
fairscale = ["fairscale (>0.3)"]
flax = ["jax (>=0.2.8,!=0.3.2,<=0.3.6)", "jaxlib (>=0.1.65,<=0.3.6)", "flax (>=0.4.1)", "optax (>=0.0.8)"]
flax-speech = ["librosa", "pyctcdecode (>=0.3.0)", "phonemizer"]
ftfy = ["ftfy"]
integrations = ["optuna", "ray", "sigopt"]
ja = ["fugashi (>=1.0)", "ipadic (>=1.0.0,<2.0)", "unidic-lite (>=1.0.7)", "unidic (>=1.0.2)"]
modelcreation = ["cookiecutter (==1.7.3)"]
onnx = ["onnxconverter-common", "tf2onnx", "onnxruntime (>=1.4.0)", "onnxruntime-tools (>=1.4.2)"]
onnxruntime = ["onnxruntime (>=1.4.0)", "onnxruntime-tools (>=1.4.2)"]
optuna = ["optuna"]
quality = ["black (==22.3)", "isort (>=5.5.4)", "flake8 (>=3.8.3)", "GitPython (<3.1.19)", "hf-doc-builder (>=0.3.0)"]
ray = ["ray"]
retrieval = ["faiss-cpu", "datasets"]
sagemaker = ["sagemaker (>=2.31.0)"]
sentencepiece = ["sentencepiece (>=0.1.91,!=0.1.92)", "protobuf (<=3.20.1)"]
serving = ["pydantic", "uvicorn", "fastapi", "starlette"]
sigopt = ["sigopt"]
sklearn = ["scikit-learn"]
speech = ["torchaudio", "librosa", "pyctcdecode (>=0.3.0)", "phonemizer"]
testing = ["pytest", "pytest-xdist", "timeout-decorator", "parameterized", "psutil", "datasets", "dill (<0.3.5)", "evaluate (>=0.2.0)", "pytest-timeout", "black (==22.3)", "sacrebleu (>=1.4.12,<2.0.0)", "rouge-score (!=0.0.7,!=0.0.8,!=0.1,!=0.1.1)", "nltk", "GitPython (<3.1.19)", "hf-doc-builder (>=0.3.0)", "protobuf (<=3.20.1)", "sacremoses", "rjieba", "faiss-cpu", "cookiecutter (==1.7.3)"]
tf = ["tensorflow (>=2.3)", "onnxconverter-common", "tf2onnx", "tensorflow-text"]
tf-cpu = ["tensorflow-cpu (>=2.3)", "onnxconverter-common", "tf2onnx", "tensorflow-text"]
tf-speech = ["librosa", "pyctcdecode (>=0.3.0)", "phonemizer"]
timm = ["timm"]
tokenizers = ["tokenizers (>=0.11.1,!=0.11.3,<0.13)"]
torch = ["torch (>=1.0)"]
torch-speech = ["torchaudio", "librosa", "pyctcdecode (>=0.3.0)", "phonemizer"]
torchhub = ["filelock", "huggingface-hub (>=0.9.0,<1.0)", "importlib-metadata", "numpy (>=1.17)", "packaging (>=20.0)", "protobuf (<=3.20.1)", "regex (!=2019.12.17)", "requests", "sentencepiece (>=0.1.91,!=0.1.92)", "torch (>=1.0)", "tokenizers (>=0.11.1,!=0.11.3,<0.13)", "tqdm (>=4.27)"]
vision = ["pillow"]

[[package]]
name = "typing-extensions"
version = "4.3.0"
description = "Backported and Experimental Type Hints for Python 3.7+"
category = "main"
optional = false
python-versions = ">=3.7"

[[package]]
name = "urllib3"
version = "1.26.12"
description = "HTTP library with thread-safe connection pooling, file post, and more."
category = "main"
optional = false
python-versions = ">=2.7, !=3.0.*, !=3.1.*, !=3.2.*, !=3.3.*, !=3.4.*, !=3.5.*, <4"

[package.extras]
brotli = ["brotlicffi (>=0.8.0)", "brotli (>=1.0.9)", "brotlipy (>=0.6.0)"]
secure = ["pyOpenSSL (>=0.14)", "cryptography (>=1.3.4)", "idna (>=2.0.0)", "certifi", "urllib3-secure-extra", "ipaddress"]
socks = ["PySocks (>=1.5.6,!=1.5.7,<2.0)"]

[[package]]
name = "xxhash"
version = "3.0.0"
description = "Python binding for xxHash"
category = "main"
optional = false
python-versions = ">=3.6"

[[package]]
name = "yarl"
version = "1.8.1"
description = "Yet another URL library"
category = "main"
optional = false
python-versions = ">=3.7"

[package.dependencies]
idna = ">=2.0"
multidict = ">=4.0"

[metadata]
lock-version = "1.1"
python-versions = "^3.10"
content-hash = "d9d9ef3d1d7ec2799e9c57b7d6448bb1de11e0f90ea9baf1d9451c59d1b56f54"

[metadata.files]
aiohttp = []
aiosignal = [
    {file = "aiosignal-1.2.0-py3-none-any.whl", hash = "sha256:26e62109036cd181df6e6ad646f91f0dcfd05fe16d0cb924138ff2ab75d64e3a"},
    {file = "aiosignal-1.2.0.tar.gz", hash = "sha256:78ed67db6c7b7ced4f98e495e572106d5c432a93e1ddd1bf475e1dc05f5b7df2"},
]
async-timeout = [
    {file = "async-timeout-4.0.2.tar.gz", hash = "sha256:2163e1640ddb52b7a8c80d0a67a08587e5d245cc9c553a74a847056bc2976b15"},
    {file = "async_timeout-4.0.2-py3-none-any.whl", hash = "sha256:8ca1e4fcf50d07413d66d1a5e416e42cfdf5851c981d679a09851a6853383b3c"},
]
attrs = []
certifi = []
charset-normalizer = []
colorama = [
    {file = "colorama-0.4.5-py2.py3-none-any.whl", hash = "sha256:854bf444933e37f5824ae7bfc1e98d5bce2ebe4160d46b5edf346a89358e99da"},
    {file = "colorama-0.4.5.tar.gz", hash = "sha256:e6c6b4334fc50988a639d9b98aa429a0b57da6e17b9a44f0451f930b6967b7a4"},
]
datasets = []
dill = []
evaluate = []
filelock = []
frozenlist = []
fsspec = []
huggingface-hub = []
idna = []
multidict = []
multiprocess = []
numpy = []
packaging = [
    {file = "packaging-21.3-py3-none-any.whl", hash = "sha256:ef103e05f519cdc783ae24ea4e2e0f508a9c99b2d4969652eed6a2e1ea5bd522"},
    {file = "packaging-21.3.tar.gz", hash = "sha256:dd47c42927d89ab911e606518907cc2d3a1f38bbd026385970643f9c5b8ecfeb"},
]
pandas = []
pillow = []
protobuf = []
pyarrow = []
pyparsing = [
    {file = "pyparsing-3.0.9-py3-none-any.whl", hash = "sha256:5026bae9a10eeaefb61dab2f09052b9f4307d44aee4eda64b309723d8d206bbc"},
    {file = "pyparsing-3.0.9.tar.gz", hash = "sha256:2b020ecf7d21b687f219b71ecad3631f644a47f01403fa1d1036b0c6416d70fb"},
]
python-dateutil = [
    {file = "python-dateutil-2.8.2.tar.gz", hash = "sha256:0123cacc1627ae19ddf3c27a5de5bd67ee4586fbdd6440d9748f8abb483d3e86"},
    {file = "python_dateutil-2.8.2-py2.py3-none-any.whl", hash = "sha256:961d03dc3453ebbc59dbdea9e4e11c5651520a876d0f4db161e8674aae935da9"},
]
pytz = []
pyyaml = [
    {file = "PyYAML-6.0-cp310-cp310-macosx_10_9_x86_64.whl", hash = "sha256:d4db7c7aef085872ef65a8fd7d6d09a14ae91f691dec3e87ee5ee0539d516f53"},
    {file = "PyYAML-6.0-cp310-cp310-macosx_11_0_arm64.whl", hash = "sha256:9df7ed3b3d2e0ecfe09e14741b857df43adb5a3ddadc919a2d94fbdf78fea53c"},
    {file = "PyYAML-6.0-cp310-cp310-manylinux_2_17_aarch64.manylinux2014_aarch64.whl", hash = "sha256:77f396e6ef4c73fdc33a9157446466f1cff553d979bd00ecb64385760c6babdc"},
    {file = "PyYAML-6.0-cp310-cp310-manylinux_2_17_s390x.manylinux2014_s390x.whl", hash = "sha256:a80a78046a72361de73f8f395f1f1e49f956c6be882eed58505a15f3e430962b"},
    {file = "PyYAML-6.0-cp310-cp310-manylinux_2_5_x86_64.manylinux1_x86_64.manylinux_2_12_x86_64.manylinux2010_x86_64.whl", hash = "sha256:f84fbc98b019fef2ee9a1cb3ce93e3187a6df0b2538a651bfb890254ba9f90b5"},
    {file = "PyYAML-6.0-cp310-cp310-win32.whl", hash = "sha256:2cd5df3de48857ed0544b34e2d40e9fac445930039f3cfe4bcc592a1f836d513"},
    {file = "PyYAML-6.0-cp310-cp310-win_amd64.whl", hash = "sha256:daf496c58a8c52083df09b80c860005194014c3698698d1a57cbcfa182142a3a"},
    {file = "PyYAML-6.0-cp36-cp36m-macosx_10_9_x86_64.whl", hash = "sha256:897b80890765f037df3403d22bab41627ca8811ae55e9a722fd0392850ec4d86"},
    {file = "PyYAML-6.0-cp36-cp36m-manylinux_2_17_aarch64.manylinux2014_aarch64.whl", hash = "sha256:50602afada6d6cbfad699b0c7bb50d5ccffa7e46a3d738092afddc1f9758427f"},
    {file = "PyYAML-6.0-cp36-cp36m-manylinux_2_17_s390x.manylinux2014_s390x.whl", hash = "sha256:48c346915c114f5fdb3ead70312bd042a953a8ce5c7106d5bfb1a5254e47da92"},
    {file = "PyYAML-6.0-cp36-cp36m-manylinux_2_5_x86_64.manylinux1_x86_64.manylinux_2_12_x86_64.manylinux2010_x86_64.whl", hash = "sha256:98c4d36e99714e55cfbaaee6dd5badbc9a1ec339ebfc3b1f52e293aee6bb71a4"},
    {file = "PyYAML-6.0-cp36-cp36m-win32.whl", hash = "sha256:0283c35a6a9fbf047493e3a0ce8d79ef5030852c51e9d911a27badfde0605293"},
    {file = "PyYAML-6.0-cp36-cp36m-win_amd64.whl", hash = "sha256:07751360502caac1c067a8132d150cf3d61339af5691fe9e87803040dbc5db57"},
    {file = "PyYAML-6.0-cp37-cp37m-macosx_10_9_x86_64.whl", hash = "sha256:819b3830a1543db06c4d4b865e70ded25be52a2e0631ccd2f6a47a2822f2fd7c"},
    {file = "PyYAML-6.0-cp37-cp37m-manylinux_2_17_aarch64.manylinux2014_aarch64.whl", hash = "sha256:473f9edb243cb1935ab5a084eb238d842fb8f404ed2193a915d1784b5a6b5fc0"},
    {file = "PyYAML-6.0-cp37-cp37m-manylinux_2_17_s390x.manylinux2014_s390x.whl", hash = "sha256:0ce82d761c532fe4ec3f87fc45688bdd3a4c1dc5e0b4a19814b9009a29baefd4"},
    {file = "PyYAML-6.0-cp37-cp37m-manylinux_2_5_x86_64.manylinux1_x86_64.manylinux_2_12_x86_64.manylinux2010_x86_64.whl", hash = "sha256:231710d57adfd809ef5d34183b8ed1eeae3f76459c18fb4a0b373ad56bedcdd9"},
    {file = "PyYAML-6.0-cp37-cp37m-win32.whl", hash = "sha256:c5687b8d43cf58545ade1fe3e055f70eac7a5a1a0bf42824308d868289a95737"},
    {file = "PyYAML-6.0-cp37-cp37m-win_amd64.whl", hash = "sha256:d15a181d1ecd0d4270dc32edb46f7cb7733c7c508857278d3d378d14d606db2d"},
    {file = "PyYAML-6.0-cp38-cp38-macosx_10_9_x86_64.whl", hash = "sha256:0b4624f379dab24d3725ffde76559cff63d9ec94e1736b556dacdfebe5ab6d4b"},
    {file = "PyYAML-6.0-cp38-cp38-manylinux_2_17_aarch64.manylinux2014_aarch64.whl", hash = "sha256:213c60cd50106436cc818accf5baa1aba61c0189ff610f64f4a3e8c6726218ba"},
    {file = "PyYAML-6.0-cp38-cp38-manylinux_2_17_s390x.manylinux2014_s390x.whl", hash = "sha256:9fa600030013c4de8165339db93d182b9431076eb98eb40ee068700c9c813e34"},
    {file = "PyYAML-6.0-cp38-cp38-manylinux_2_5_x86_64.manylinux1_x86_64.manylinux_2_12_x86_64.manylinux2010_x86_64.whl", hash = "sha256:277a0ef2981ca40581a47093e9e2d13b3f1fbbeffae064c1d21bfceba2030287"},
    {file = "PyYAML-6.0-cp38-cp38-win32.whl", hash = "sha256:d4eccecf9adf6fbcc6861a38015c2a64f38b9d94838ac1810a9023a0609e1b78"},
    {file = "PyYAML-6.0-cp38-cp38-win_amd64.whl", hash = "sha256:1e4747bc279b4f613a09eb64bba2ba602d8a6664c6ce6396a4d0cd413a50ce07"},
    {file = "PyYAML-6.0-cp39-cp39-macosx_10_9_x86_64.whl", hash = "sha256:055d937d65826939cb044fc8c9b08889e8c743fdc6a32b33e2390f66013e449b"},
    {file = "PyYAML-6.0-cp39-cp39-macosx_11_0_arm64.whl", hash = "sha256:e61ceaab6f49fb8bdfaa0f92c4b57bcfbea54c09277b1b4f7ac376bfb7a7c174"},
    {file = "PyYAML-6.0-cp39-cp39-manylinux_2_17_aarch64.manylinux2014_aarch64.whl", hash = "sha256:d67d839ede4ed1b28a4e8909735fc992a923cdb84e618544973d7dfc71540803"},
    {file = "PyYAML-6.0-cp39-cp39-manylinux_2_17_s390x.manylinux2014_s390x.whl", hash = "sha256:cba8c411ef271aa037d7357a2bc8f9ee8b58b9965831d9e51baf703280dc73d3"},
    {file = "PyYAML-6.0-cp39-cp39-manylinux_2_5_x86_64.manylinux1_x86_64.manylinux_2_12_x86_64.manylinux2010_x86_64.whl", hash = "sha256:40527857252b61eacd1d9af500c3337ba8deb8fc298940291486c465c8b46ec0"},
    {file = "PyYAML-6.0-cp39-cp39-win32.whl", hash = "sha256:b5b9eccad747aabaaffbc6064800670f0c297e52c12754eb1d976c57e4f74dcb"},
    {file = "PyYAML-6.0-cp39-cp39-win_amd64.whl", hash = "sha256:b3d267842bf12586ba6c734f89d1f5b871df0273157918b0ccefa29deb05c21c"},
    {file = "PyYAML-6.0.tar.gz", hash = "sha256:68fb519c14306fec9720a2a5b45bc9f0c8d1b9c72adf45c37baedfcd949c35a2"},
]
regex = []
requests = []
responses = [
    {file = "responses-0.18.0-py3-none-any.whl", hash = "sha256:15c63ad16de13ee8e7182d99c9334f64fd81f1ee79f90748d527c28f7ca9dd51"},
    {file = "responses-0.18.0.tar.gz", hash = "sha256:380cad4c1c1dc942e5e8a8eaae0b4d4edf708f4f010db8b7bcfafad1fcd254ff"},
]
sentencepiece = []
six = [
    {file = "six-1.16.0-py2.py3-none-any.whl", hash = "sha256:8abb2f1d86890a2dfb989f9a77cfcfd3e47c2a354b01111771326f8aa26e0254"},
    {file = "six-1.16.0.tar.gz", hash = "sha256:1e61c37477a1626458e36f7b1d82aa5c9b094fa4802892072e49de9c60c4c926"},
]
tokenizers = [
    {file = "tokenizers-0.12.1-cp310-cp310-macosx_10_11_x86_64.whl", hash = "sha256:d737df0f8f26e093a82bfb106b6cfb510a0e9302d35834568e5b20b73ddc5a9c"},
    {file = "tokenizers-0.12.1-cp310-cp310-manylinux_2_12_x86_64.manylinux2010_x86_64.whl", hash = "sha256:f1271224acafb27639c432e1ce4e7d38eab40305ba1c546e871d5c8a32f4f195"},
    {file = "tokenizers-0.12.1-cp310-cp310-manylinux_2_17_aarch64.manylinux2014_aarch64.whl", hash = "sha256:cdeba37c2fb44e1aec8a72af4cb369655b59ba313181b1b4b8183f08e759c49c"},
    {file = "tokenizers-0.12.1-cp310-cp310-manylinux_2_17_ppc64le.manylinux2014_ppc64le.whl", hash = "sha256:53b5f4012ce3ffddd5b00827441b80dc7a0f6b41f4fc5248ae6d36e7d3920c6d"},
    {file = "tokenizers-0.12.1-cp310-cp310-manylinux_2_17_s390x.manylinux2014_s390x.whl", hash = "sha256:5188e13fc09edfe05712ca3ae5a44e7f2b0137927b1ca210d0fad90d3e58315a"},
    {file = "tokenizers-0.12.1-cp310-cp310-win32.whl", hash = "sha256:eff5ff411f18a201eec137b7b32fcb55e0c48b372d370bd24f965f5bad471fa4"},
    {file = "tokenizers-0.12.1-cp310-cp310-win_amd64.whl", hash = "sha256:bdbca79726fe883c696088ea163715b2f902aec638a8e24bcf9790ff8fa45019"},
    {file = "tokenizers-0.12.1-cp36-cp36m-manylinux_2_12_x86_64.manylinux2010_x86_64.whl", hash = "sha256:28825dade9e52ad464164020758f9d49eb7251c32b6ae146601c506a23c67c0e"},
    {file = "tokenizers-0.12.1-cp36-cp36m-manylinux_2_17_aarch64.manylinux2014_aarch64.whl", hash = "sha256:91906d725cb84d8ee71ce05fbb155d39d494849622b4f9349e5176a8eb01c49b"},
    {file = "tokenizers-0.12.1-cp36-cp36m-manylinux_2_17_ppc64le.manylinux2014_ppc64le.whl", hash = "sha256:230f51a0a82ca7b90077eaca2415f12ff9bd144607888b9c50c2ee543452322e"},
    {file = "tokenizers-0.12.1-cp36-cp36m-manylinux_2_17_s390x.manylinux2014_s390x.whl", hash = "sha256:8d4339c376b695de2ad8ccaebffa75e4dc1d7857be1103d80e7925b34af8cf78"},
    {file = "tokenizers-0.12.1-cp37-cp37m-macosx_10_11_x86_64.whl", hash = "sha256:27d93b712aa2d4346aa506ecd4ec9e94edeebeaf2d484357b482cdeffc02b5f5"},
    {file = "tokenizers-0.12.1-cp37-cp37m-manylinux_2_12_x86_64.manylinux2010_x86_64.whl", hash = "sha256:7f4cb68dc538b52240d1986d2034eb0a6373be2ab5f0787d1be3ad1444ce71b7"},
    {file = "tokenizers-0.12.1-cp37-cp37m-manylinux_2_17_aarch64.manylinux2014_aarch64.whl", hash = "sha256:ae6c04b629ac2cd2f695739988cb70b9bd8d5e7f849f5b14c4510e942bee5770"},
    {file = "tokenizers-0.12.1-cp37-cp37m-manylinux_2_17_ppc64le.manylinux2014_ppc64le.whl", hash = "sha256:6a38b2019d4807d42afeff603a119094ee00f63bea2921136524c8814e9003f8"},
    {file = "tokenizers-0.12.1-cp37-cp37m-manylinux_2_17_s390x.manylinux2014_s390x.whl", hash = "sha256:fde8dccb9033fa344ffce3ee1837939a50e7a210a768f1cf2059beeafa755481"},
    {file = "tokenizers-0.12.1-cp37-cp37m-win32.whl", hash = "sha256:38625595b2fd37bfcce64ff9bfb6868c07e9a7b7f205c909d94a615ce9472287"},
    {file = "tokenizers-0.12.1-cp37-cp37m-win_amd64.whl", hash = "sha256:01abe6fbfe55e4131ca0c4c3d1a9d7ef5df424a8d536e998d2a4fc0bc57935f4"},
    {file = "tokenizers-0.12.1-cp38-cp38-macosx_10_11_x86_64.whl", hash = "sha256:7c5c54080a7d5c89c990e0d478e0882dbac88926d43323a3aa236492a3c9455f"},
    {file = "tokenizers-0.12.1-cp38-cp38-manylinux_2_12_x86_64.manylinux2010_x86_64.whl", hash = "sha256:419d113e3bcc4fe20a313afc47af81e62906306b08fe1601e1443d747d46af1f"},
    {file = "tokenizers-0.12.1-cp38-cp38-manylinux_2_17_aarch64.manylinux2014_aarch64.whl", hash = "sha256:b9779944559cb7ace6a8516e402895f239b0d9d3c833c67dbaec496310e7e206"},
    {file = "tokenizers-0.12.1-cp38-cp38-manylinux_2_17_ppc64le.manylinux2014_ppc64le.whl", hash = "sha256:7d43de14b4469b57490dbaf136a31c266cb676fa22320f01f230af9219ae9034"},
    {file = "tokenizers-0.12.1-cp38-cp38-manylinux_2_17_s390x.manylinux2014_s390x.whl", hash = "sha256:258873634406bd1d438c799993a5e44bbc0132ff055985c03c4fe30f702e9a33"},
    {file = "tokenizers-0.12.1-cp38-cp38-win32.whl", hash = "sha256:3f2647cc256d6a53d18b9dcd71d377828e9f8991fbcbd6fcd8ca2ceb174552b0"},
    {file = "tokenizers-0.12.1-cp38-cp38-win_amd64.whl", hash = "sha256:62a723bd4b18bc55121f5c34cd8efd6c651f2d3b81f81dd50e5351fb65b8a617"},
    {file = "tokenizers-0.12.1-cp39-cp39-macosx_10_11_x86_64.whl", hash = "sha256:411ebc89228f30218ffa9d9c49d414864b0df5026a47c24820431821c4360460"},
    {file = "tokenizers-0.12.1-cp39-cp39-manylinux_2_12_x86_64.manylinux2010_x86_64.whl", hash = "sha256:619728df2551bdfe6f96ff177f9ded958e7ed9e2af94c8d5ac2834d1eb06d112"},
    {file = "tokenizers-0.12.1-cp39-cp39-manylinux_2_17_aarch64.manylinux2014_aarch64.whl", hash = "sha256:8cea98f3f9577d1541b7bb0f7a3308a911751067e1d83e01485c9d3411bbf087"},
    {file = "tokenizers-0.12.1-cp39-cp39-manylinux_2_17_ppc64le.manylinux2014_ppc64le.whl", hash = "sha256:664f36f0a0d409c24f2201d495161fec4d8bc93e091fbb78814eb426f29905a3"},
    {file = "tokenizers-0.12.1-cp39-cp39-manylinux_2_17_s390x.manylinux2014_s390x.whl", hash = "sha256:0bf2380ad59c50222959a9b6f231339200a826fc5cb2be09ff96d8a59f65fc5e"},
    {file = "tokenizers-0.12.1-cp39-cp39-win32.whl", hash = "sha256:6a7a106d04154c2159db6cd7d042af2e2e0e53aee432f872fe6c8be45100436a"},
    {file = "tokenizers-0.12.1-cp39-cp39-win_amd64.whl", hash = "sha256:2158baf80cbc09259bfd6e0e0fc4597b611e7a72ad5443dad63918a90f1dd304"},
    {file = "tokenizers-0.12.1.tar.gz", hash = "sha256:070746f86efa6c873db341e55cf17bb5e7bdd5450330ca8eca542f5c3dab2c66"},
]
torch = []
torchaudio = []
torchvision = []
tqdm = []
transformers = []
typing-extensions = []
urllib3 = []
xxhash = [
    {file = "xxhash-3.0.0-cp310-cp310-macosx_10_9_x86_64.whl", hash = "sha256:219cba13991fd73cf21a5efdafa5056f0ae0b8f79e5e0112967e3058daf73eea"},
    {file = "xxhash-3.0.0-cp310-cp310-macosx_11_0_arm64.whl", hash = "sha256:3fcbb846af15eff100c412ae54f4974ff277c92eacd41f1ec7803a64fd07fa0c"},
    {file = "xxhash-3.0.0-cp310-cp310-manylinux_2_17_aarch64.manylinux2014_aarch64.whl", hash = "sha256:5f475fa817ff7955fc118fc1ca29a6e691d329b7ff43f486af36c22dbdcff1db"},
    {file = "xxhash-3.0.0-cp310-cp310-manylinux_2_17_ppc64le.manylinux2014_ppc64le.whl", hash = "sha256:9200a90f02ff6fd5fb63dea107842da71d8626d99b768fd31be44f3002c60bbe"},
    {file = "xxhash-3.0.0-cp310-cp310-manylinux_2_17_s390x.manylinux2014_s390x.whl", hash = "sha256:a1403e4f551c9ef7bcef09af55f1adb169f13e4de253db0887928e5129f87af1"},
    {file = "xxhash-3.0.0-cp310-cp310-manylinux_2_17_x86_64.manylinux2014_x86_64.whl", hash = "sha256:fa7f6ca53170189a2268c83af0980e6c10aae69e6a5efa7ca989f89fff9f8c02"},
    {file = "xxhash-3.0.0-cp310-cp310-manylinux_2_5_i686.manylinux1_i686.manylinux_2_17_i686.manylinux2014_i686.whl", hash = "sha256:5b63fbeb6d9c93d50ae0dc2b8a8b7f52f2de19e40fe9edc86637bfa5743b8ba2"},
    {file = "xxhash-3.0.0-cp310-cp310-win32.whl", hash = "sha256:31f25efd10b6f1f6d5c34cd231986d8aae9a42e042daa90b783917f170807869"},
    {file = "xxhash-3.0.0-cp310-cp310-win_amd64.whl", hash = "sha256:807e88ed56e0fb347cb57d5bf44851f9878360fed700f2f63e622ef4eede87a5"},
    {file = "xxhash-3.0.0-cp36-cp36m-macosx_10_9_x86_64.whl", hash = "sha256:6d612c55a75d84d25898f6c5ad6a589aa556d1cb9af770b6c574ee62995167f6"},
    {file = "xxhash-3.0.0-cp36-cp36m-manylinux_2_17_aarch64.manylinux2014_aarch64.whl", hash = "sha256:6f9309fcaf73f93df3101f03a61dc30644adff3e8d0044fff8c0c195dbbe63e2"},
    {file = "xxhash-3.0.0-cp36-cp36m-manylinux_2_17_ppc64le.manylinux2014_ppc64le.whl", hash = "sha256:a2273fe40720e86346a17f06ef95cd60ee0d66ffce7cf55e390ef7350112b16d"},
    {file = "xxhash-3.0.0-cp36-cp36m-manylinux_2_17_s390x.manylinux2014_s390x.whl", hash = "sha256:fc6f3a334587c83c5ba56c19b254a97542ce1fc05ccfd66fbf568e6117718d65"},
    {file = "xxhash-3.0.0-cp36-cp36m-manylinux_2_17_x86_64.manylinux2014_x86_64.whl", hash = "sha256:36cf410da5bfcca51ac3c2c51a3317dcd7af91f70fa61eca57fba39554f06ae3"},
    {file = "xxhash-3.0.0-cp36-cp36m-manylinux_2_5_i686.manylinux1_i686.manylinux_2_17_i686.manylinux2014_i686.whl", hash = "sha256:21752a3e9a2391d91bd51f4aa2fe028ae14ba6a8d37db9ebe00ccac10be5ac4a"},
    {file = "xxhash-3.0.0-cp36-cp36m-win32.whl", hash = "sha256:322068a063ef156455a401ab720f0892f2d2dd1540c1a308e95a7cbf356df51c"},
    {file = "xxhash-3.0.0-cp36-cp36m-win_amd64.whl", hash = "sha256:2984fa9a880587c0bfa46d32717b2d209863ee68727ea0fc17f05fce25efa692"},
    {file = "xxhash-3.0.0-cp37-cp37m-macosx_10_9_x86_64.whl", hash = "sha256:6493dd938b360235da81b1c79d8cd048c4f11977e1159b4e744c54f98d3a7bb4"},
    {file = "xxhash-3.0.0-cp37-cp37m-manylinux_2_17_aarch64.manylinux2014_aarch64.whl", hash = "sha256:fb9eca32f9b4acc7149db2c86f8108167b9929b7da1887d4287a90cfdb3ea53a"},
    {file = "xxhash-3.0.0-cp37-cp37m-manylinux_2_17_ppc64le.manylinux2014_ppc64le.whl", hash = "sha256:f4125e70e4e1d79992d81de837a0586aa0241665dbc5ce01b9c89330ed5cbb66"},
    {file = "xxhash-3.0.0-cp37-cp37m-manylinux_2_17_s390x.manylinux2014_s390x.whl", hash = "sha256:583bea142569485bdb0c5900e804058c16edba1850b74519688c22bc546e6175"},
    {file = "xxhash-3.0.0-cp37-cp37m-manylinux_2_17_x86_64.manylinux2014_x86_64.whl", hash = "sha256:4f3adf2891acc18abacd15113e9cbbefd30e5f4ecaae32c23e5486fc09c76ea5"},
    {file = "xxhash-3.0.0-cp37-cp37m-manylinux_2_5_i686.manylinux1_i686.manylinux_2_17_i686.manylinux2014_i686.whl", hash = "sha256:ed65a2671d380ae05262ce1e4ccc2b63f3c30506d207bf6fae8cd72be0ad65d4"},
    {file = "xxhash-3.0.0-cp37-cp37m-win32.whl", hash = "sha256:c604b3dcac9d37e3fceaa11884927024953260cc4224d9b89400d16e6cf34021"},
    {file = "xxhash-3.0.0-cp37-cp37m-win_amd64.whl", hash = "sha256:1c6fc59e182506496544bc6d426bcf6077066ed1b40cfcd937f707cc06c7ef50"},
    {file = "xxhash-3.0.0-cp38-cp38-macosx_10_9_x86_64.whl", hash = "sha256:5628375dbb76d33b93b44854a6c5433e2a78115e03ea2ae1bb74a34ab012a43f"},
    {file = "xxhash-3.0.0-cp38-cp38-macosx_11_0_arm64.whl", hash = "sha256:687aa4373690f23a3f43cc23d81005304d284ff6c041bff1f967664ab6410f36"},
    {file = "xxhash-3.0.0-cp38-cp38-manylinux_2_17_aarch64.manylinux2014_aarch64.whl", hash = "sha256:9fa2100fb68b163e99370561c9e29ed37b9153fe99443600bea28829150eb0e4"},
    {file = "xxhash-3.0.0-cp38-cp38-manylinux_2_17_ppc64le.manylinux2014_ppc64le.whl", hash = "sha256:891d7651431a055f76fe2c8f86c593c3dede8ec5b10ca55e8ff5c9fdceb55f0b"},
    {file = "xxhash-3.0.0-cp38-cp38-manylinux_2_17_s390x.manylinux2014_s390x.whl", hash = "sha256:197c32d7b62be02957ca31aa69febadf9c5a34ef953053ea16e2c72465bc450f"},
    {file = "xxhash-3.0.0-cp38-cp38-manylinux_2_17_x86_64.manylinux2014_x86_64.whl", hash = "sha256:91fa4df41bda3cbec4084d9696028780b47128c1f8450d1ad9c3e4b6bf8b1f99"},
    {file = "xxhash-3.0.0-cp38-cp38-manylinux_2_5_i686.manylinux1_i686.manylinux_2_17_i686.manylinux2014_i686.whl", hash = "sha256:4cd38b766fc40e9fe37b80112656d2e5a0cb2f9bc12e01b286353b5ecd2768e8"},
    {file = "xxhash-3.0.0-cp38-cp38-win32.whl", hash = "sha256:4258ef78f5a7d1f9c595846134c7d81a868c74942051453258eb383498662d4d"},
    {file = "xxhash-3.0.0-cp38-cp38-win_amd64.whl", hash = "sha256:b82b1cf4407ad908e04e864473cc3baa8e764c7bbebea959150764cc681a1611"},
    {file = "xxhash-3.0.0-cp39-cp39-macosx_10_9_x86_64.whl", hash = "sha256:da4d91e28418469b29eed8635c08af28b588e51cd04288bed1ba1cf60f2d91f6"},
    {file = "xxhash-3.0.0-cp39-cp39-macosx_11_0_arm64.whl", hash = "sha256:48aab36169b0c00e586cb4eb2814ab8bfed686933126019906f917ff9a78c99e"},
    {file = "xxhash-3.0.0-cp39-cp39-manylinux_2_17_aarch64.manylinux2014_aarch64.whl", hash = "sha256:0b0d522570c9ccea6203b3d96ac7f0cfc1d29e613640475d513be432545c48cc"},
    {file = "xxhash-3.0.0-cp39-cp39-manylinux_2_17_ppc64le.manylinux2014_ppc64le.whl", hash = "sha256:d6054434ddb060685e86e7457f52d188b0886834baaa532f9f78b4f2b53cfd9b"},
    {file = "xxhash-3.0.0-cp39-cp39-manylinux_2_17_s390x.manylinux2014_s390x.whl", hash = "sha256:cbf546ca5f5903ceeb46d9e6abf81f3a64edb95bb7dbe0f75283eec93a7eb2a0"},
    {file = "xxhash-3.0.0-cp39-cp39-manylinux_2_17_x86_64.manylinux2014_x86_64.whl", hash = "sha256:22704f23f23ccbe892cee3e7568c67f07ac25beaa2d1cff183274005d9d39149"},
    {file = "xxhash-3.0.0-cp39-cp39-manylinux_2_5_i686.manylinux1_i686.manylinux_2_17_i686.manylinux2014_i686.whl", hash = "sha256:83198e223bcc4b2418b5282ac930e444738c2a33859dee4e570b25c8433d83a2"},
    {file = "xxhash-3.0.0-cp39-cp39-win32.whl", hash = "sha256:3bcd4cd9b22293ea1c08822518fbb6d933c2960d66662d468a1945a45cace194"},
    {file = "xxhash-3.0.0-cp39-cp39-win_amd64.whl", hash = "sha256:f5dd4c37da3408d56ae942dc103f4ae3b43510daa4f5accd0a411fc6e914f10a"},
    {file = "xxhash-3.0.0-pp37-pypy37_pp73-macosx_10_9_x86_64.whl", hash = "sha256:485f172abc03f78afd4f38dbdbb5665f59c5487126fa4c3181c6582cda4de03b"},
    {file = "xxhash-3.0.0-pp37-pypy37_pp73-manylinux_2_17_aarch64.manylinux2014_aarch64.whl", hash = "sha256:035248b3d7ab6deb7b247278494d293b9faccfa853078319d25e2926f566b2f8"},
    {file = "xxhash-3.0.0-pp37-pypy37_pp73-manylinux_2_17_x86_64.manylinux2014_x86_64.whl", hash = "sha256:b30ae90c0cfd10ffe852c6b0f263253782eea74a8189d5f2440f6595c1e8047e"},
    {file = "xxhash-3.0.0-pp37-pypy37_pp73-manylinux_2_5_i686.manylinux1_i686.manylinux_2_17_i686.manylinux2014_i686.whl", hash = "sha256:8fd203d8a3c013e679722047ef4f061f690c6cff49380622444bca4c30f3bf23"},
    {file = "xxhash-3.0.0-pp37-pypy37_pp73-win_amd64.whl", hash = "sha256:6d60059aaef12a01c0cc24f1d7aaaab7933ae9f4b7adfd9ebbd37dc7ceac1745"},
    {file = "xxhash-3.0.0-pp38-pypy38_pp73-macosx_10_9_x86_64.whl", hash = "sha256:676c97bf7cc298b65eec0368c2cb5611d87a8e876930843311ca728f69292752"},
    {file = "xxhash-3.0.0-pp38-pypy38_pp73-manylinux_2_17_aarch64.manylinux2014_aarch64.whl", hash = "sha256:2245c6e20e96e3f8fdfb61ad6bc5cde6ce8a1c2b93aa4a32a27bba7ab3aeaf12"},
    {file = "xxhash-3.0.0-pp38-pypy38_pp73-manylinux_2_17_x86_64.manylinux2014_x86_64.whl", hash = "sha256:2ae926a52d020085a2d7f69d0e2155cbf819ae409f2e5dbb345dd40a6462de32"},
    {file = "xxhash-3.0.0-pp38-pypy38_pp73-manylinux_2_5_i686.manylinux1_i686.manylinux_2_17_i686.manylinux2014_i686.whl", hash = "sha256:0a2efdcb811be3edc520b78364c11a1e54f5d8e5db895a9ff2bcdd4a7ffa36a5"},
    {file = "xxhash-3.0.0-pp38-pypy38_pp73-win_amd64.whl", hash = "sha256:885b3a851980056707ab99a2c19c35dfe2c2ba5f602066dbfcd8af45ea855760"},
    {file = "xxhash-3.0.0.tar.gz", hash = "sha256:30b2d97aaf11fb122023f6b44ebb97c6955e9e00d7461a96415ca030b5ceb9c7"},
]
yarl = []
